
Microsoft Visual Studio Solution File, Format Version 12.00
# Visual Studio Version 17
VisualStudioVersion = 17.4.33205.214
MinimumVisualStudioVersion = 10.0.40219.1
Project("{9A19103F-16F7-4668-BE54-9A1E7A4F7556}") = "BinaryBaker", "BinaryBaker\BinaryBaker.csproj", "{00406A62-4936-4A36-94B9-E7220BEF0B95}"
EndProject
Project("{9A19103F-16F7-4668-BE54-9A1E7A4F7556}") = "BinaryBaker.Cli", "BinaryBaker.Cli\BinaryBaker.Cli.csproj", "{1199EE4B-4B1A-4613-B2A9-9932565A3AEB}"
EndProject
Project("{9A19103F-16F7-4668-BE54-9A1E7A4F7556}") = "RomFonts", "RomFonts\RomFonts.csproj", "{9EBC0B4D-9039-49F9-ABE8-3CE397B1CCE3}"
EndProject
Project("{9A19103F-16F7-4668-BE54-9A1E7A4F7556}") = "ImageBuilder", "ImageBuilder\ImageBuilder.csproj", "{CB2E5C33-201E-4C99-83CD-3455958E3215}"
EndProject
Project("{8BC9CEB8-8B4A-11D0-8D11-00A0C91BC942}") = "Emulator", "Emulator\Emulator.vcxproj", "{3904AE90-DF9C-4907-A32E-7566479A406F}"
EndProject
Project("{9A19103F-16F7-4668-BE54-9A1E7A4F7556}") = "SimpleTests", "SimpleTests\SimpleTests.csproj", "{9568BB2C-5388-4C0E-AF6F-E0309E34A8AB}"
EndProject
Project("{11A8DD76-328B-46DF-9F39-F559912D0360}") = "Esp32NanoFrameworkTest", "Esp32NanoFrameworkTest\Esp32NanoFrameworkTest.nfproj", "{53AC3486-3362-4141-ACB6-9022EE5AC738}"
EndProject
Global
	GlobalSection(SolutionConfigurationPlatforms) = preSolution
		Debug|Any CPU = Debug|Any CPU
		Debug|x64 = Debug|x64
		Debug|x86 = Debug|x86
		Release|Any CPU = Release|Any CPU
		Release|x64 = Release|x64
		Release|x86 = Release|x86
	EndGlobalSection
	GlobalSection(ProjectConfigurationPlatforms) = postSolution
		{00406A62-4936-4A36-94B9-E7220BEF0B95}.Debug|Any CPU.ActiveCfg = Debug|Any CPU
		{00406A62-4936-4A36-94B9-E7220BEF0B95}.Debug|Any CPU.Build.0 = Debug|Any CPU
		{00406A62-4936-4A36-94B9-E7220BEF0B95}.Debug|x64.ActiveCfg = Debug|Any CPU
		{00406A62-4936-4A36-94B9-E7220BEF0B95}.Debug|x64.Build.0 = Debug|Any CPU
		{00406A62-4936-4A36-94B9-E7220BEF0B95}.Debug|x86.ActiveCfg = Debug|Any CPU
		{00406A62-4936-4A36-94B9-E7220BEF0B95}.Debug|x86.Build.0 = Debug|Any CPU
		{00406A62-4936-4A36-94B9-E7220BEF0B95}.Release|Any CPU.ActiveCfg = Release|Any CPU
		{00406A62-4936-4A36-94B9-E7220BEF0B95}.Release|Any CPU.Build.0 = Release|Any CPU
		{00406A62-4936-4A36-94B9-E7220BEF0B95}.Release|x64.ActiveCfg = Release|Any CPU
		{00406A62-4936-4A36-94B9-E7220BEF0B95}.Release|x64.Build.0 = Release|Any CPU
		{00406A62-4936-4A36-94B9-E7220BEF0B95}.Release|x86.ActiveCfg = Release|Any CPU
		{00406A62-4936-4A36-94B9-E7220BEF0B95}.Release|x86.Build.0 = Release|Any CPU
		{1199EE4B-4B1A-4613-B2A9-9932565A3AEB}.Debug|Any CPU.ActiveCfg = Debug|Any CPU
		{1199EE4B-4B1A-4613-B2A9-9932565A3AEB}.Debug|Any CPU.Build.0 = Debug|Any CPU
		{1199EE4B-4B1A-4613-B2A9-9932565A3AEB}.Debug|x64.ActiveCfg = Debug|Any CPU
		{1199EE4B-4B1A-4613-B2A9-9932565A3AEB}.Debug|x64.Build.0 = Debug|Any CPU
		{1199EE4B-4B1A-4613-B2A9-9932565A3AEB}.Debug|x86.ActiveCfg = Debug|Any CPU
		{1199EE4B-4B1A-4613-B2A9-9932565A3AEB}.Debug|x86.Build.0 = Debug|Any CPU
		{1199EE4B-4B1A-4613-B2A9-9932565A3AEB}.Release|Any CPU.ActiveCfg = Release|Any CPU
		{1199EE4B-4B1A-4613-B2A9-9932565A3AEB}.Release|Any CPU.Build.0 = Release|Any CPU
		{1199EE4B-4B1A-4613-B2A9-9932565A3AEB}.Release|x64.ActiveCfg = Release|Any CPU
		{1199EE4B-4B1A-4613-B2A9-9932565A3AEB}.Release|x64.Build.0 = Release|Any CPU
		{1199EE4B-4B1A-4613-B2A9-9932565A3AEB}.Release|x86.ActiveCfg = Release|Any CPU
		{1199EE4B-4B1A-4613-B2A9-9932565A3AEB}.Release|x86.Build.0 = Release|Any CPU
		{9EBC0B4D-9039-49F9-ABE8-3CE397B1CCE3}.Debug|Any CPU.ActiveCfg = Debug|Any CPU
		{9EBC0B4D-9039-49F9-ABE8-3CE397B1CCE3}.Debug|Any CPU.Build.0 = Debug|Any CPU
		{9EBC0B4D-9039-49F9-ABE8-3CE397B1CCE3}.Debug|x64.ActiveCfg = Debug|Any CPU
		{9EBC0B4D-9039-49F9-ABE8-3CE397B1CCE3}.Debug|x64.Build.0 = Debug|Any CPU
		{9EBC0B4D-9039-49F9-ABE8-3CE397B1CCE3}.Debug|x86.ActiveCfg = Debug|Any CPU
		{9EBC0B4D-9039-49F9-ABE8-3CE397B1CCE3}.Debug|x86.Build.0 = Debug|Any CPU
		{9EBC0B4D-9039-49F9-ABE8-3CE397B1CCE3}.Release|Any CPU.ActiveCfg = Release|Any CPU
		{9EBC0B4D-9039-49F9-ABE8-3CE397B1CCE3}.Release|Any CPU.Build.0 = Release|Any CPU
		{9EBC0B4D-9039-49F9-ABE8-3CE397B1CCE3}.Release|x64.ActiveCfg = Release|Any CPU
		{9EBC0B4D-9039-49F9-ABE8-3CE397B1CCE3}.Release|x64.Build.0 = Release|Any CPU
		{9EBC0B4D-9039-49F9-ABE8-3CE397B1CCE3}.Release|x86.ActiveCfg = Release|Any CPU
		{9EBC0B4D-9039-49F9-ABE8-3CE397B1CCE3}.Release|x86.Build.0 = Release|Any CPU
		{CB2E5C33-201E-4C99-83CD-3455958E3215}.Debug|Any CPU.ActiveCfg = Debug|Any CPU
		{CB2E5C33-201E-4C99-83CD-3455958E3215}.Debug|Any CPU.Build.0 = Debug|Any CPU
		{CB2E5C33-201E-4C99-83CD-3455958E3215}.Debug|x64.ActiveCfg = Debug|Any CPU
		{CB2E5C33-201E-4C99-83CD-3455958E3215}.Debug|x64.Build.0 = Debug|Any CPU
		{CB2E5C33-201E-4C99-83CD-3455958E3215}.Debug|x86.ActiveCfg = Debug|Any CPU
		{CB2E5C33-201E-4C99-83CD-3455958E3215}.Debug|x86.Build.0 = Debug|Any CPU
		{CB2E5C33-201E-4C99-83CD-3455958E3215}.Release|Any CPU.ActiveCfg = Release|Any CPU
		{CB2E5C33-201E-4C99-83CD-3455958E3215}.Release|Any CPU.Build.0 = Release|Any CPU
		{CB2E5C33-201E-4C99-83CD-3455958E3215}.Release|x64.ActiveCfg = Release|Any CPU
		{CB2E5C33-201E-4C99-83CD-3455958E3215}.Release|x64.Build.0 = Release|Any CPU
		{CB2E5C33-201E-4C99-83CD-3455958E3215}.Release|x86.ActiveCfg = Release|Any CPU
		{CB2E5C33-201E-4C99-83CD-3455958E3215}.Release|x86.Build.0 = Release|Any CPU
		{3904AE90-DF9C-4907-A32E-7566479A406F}.Debug|Any CPU.ActiveCfg = Debug|Win32
		{3904AE90-DF9C-4907-A32E-7566479A406F}.Debug|x64.ActiveCfg = Debug|x64
		{3904AE90-DF9C-4907-A32E-7566479A406F}.Debug|x64.Build.0 = Debug|x64
		{3904AE90-DF9C-4907-A32E-7566479A406F}.Debug|x86.ActiveCfg = Debug|Win32
		{3904AE90-DF9C-4907-A32E-7566479A406F}.Debug|x86.Build.0 = Debug|Win32
		{3904AE90-DF9C-4907-A32E-7566479A406F}.Release|Any CPU.ActiveCfg = Release|Win32
		{3904AE90-DF9C-4907-A32E-7566479A406F}.Release|x64.ActiveCfg = Release|x64
		{3904AE90-DF9C-4907-A32E-7566479A406F}.Release|x64.Build.0 = Release|x64
		{3904AE90-DF9C-4907-A32E-7566479A406F}.Release|x86.ActiveCfg = Release|Win32
		{3904AE90-DF9C-4907-A32E-7566479A406F}.Release|x86.Build.0 = Release|Win32
		{9568BB2C-5388-4C0E-AF6F-E0309E34A8AB}.Debug|Any CPU.ActiveCfg = Debug|Any CPU
		{9568BB2C-5388-4C0E-AF6F-E0309E34A8AB}.Debug|Any CPU.Build.0 = Debug|Any CPU
		{9568BB2C-5388-4C0E-AF6F-E0309E34A8AB}.Debug|x64.ActiveCfg = Debug|Any CPU
		{9568BB2C-5388-4C0E-AF6F-E0309E34A8AB}.Debug|x64.Build.0 = Debug|Any CPU
		{9568BB2C-5388-4C0E-AF6F-E0309E34A8AB}.Debug|x86.ActiveCfg = Debug|Any CPU
		{9568BB2C-5388-4C0E-AF6F-E0309E34A8AB}.Debug|x86.Build.0 = Debug|Any CPU
		{9568BB2C-5388-4C0E-AF6F-E0309E34A8AB}.Release|Any CPU.ActiveCfg = Release|Any CPU
		{9568BB2C-5388-4C0E-AF6F-E0309E34A8AB}.Release|Any CPU.Build.0 = Release|Any CPU
		{9568BB2C-5388-4C0E-AF6F-E0309E34A8AB}.Release|x64.ActiveCfg = Release|Any CPU
		{9568BB2C-5388-4C0E-AF6F-E0309E34A8AB}.Release|x64.Build.0 = Release|Any CPU
		{9568BB2C-5388-4C0E-AF6F-E0309E34A8AB}.Release|x86.ActiveCfg = Release|Any CPU
		{9568BB2C-5388-4C0E-AF6F-E0309E34A8AB}.Release|x86.Build.0 = Release|Any CPU
		{53AC3486-3362-4141-ACB6-9022EE5AC738}.Debug|Any CPU.ActiveCfg = Debug|Any CPU
		{53AC3486-3362-4141-ACB6-9022EE5AC738}.Debug|Any CPU.Build.0 = Debug|Any CPU
		{53AC3486-3362-4141-ACB6-9022EE5AC738}.Debug|Any CPU.Deploy.0 = Debug|Any CPU
		{53AC3486-3362-4141-ACB6-9022EE5AC738}.Debug|x64.ActiveCfg = Debug|Any CPU
		{53AC3486-3362-4141-ACB6-9022EE5AC738}.Debug|x64.Build.0 = Debug|Any CPU
		{53AC3486-3362-4141-ACB6-9022EE5AC738}.Debug|x64.Deploy.0 = Debug|Any CPU
		{53AC3486-3362-4141-ACB6-9022EE5AC738}.Debug|x86.ActiveCfg = Debug|Any CPU
		{53AC3486-3362-4141-ACB6-9022EE5AC738}.Debug|x86.Build.0 = Debug|Any CPU
		{53AC3486-3362-4141-ACB6-9022EE5AC738}.Debug|x86.Deploy.0 = Debug|Any CPU
		{53AC3486-3362-4141-ACB6-9022EE5AC738}.Release|Any CPU.ActiveCfg = Release|Any CPU
		{53AC3486-3362-4141-ACB6-9022EE5AC738}.Release|Any CPU.Build.0 = Release|Any CPU
		{53AC3486-3362-4141-ACB6-9022EE5AC738}.Release|Any CPU.Deploy.0 = Release|Any CPU
		{53AC3486-3362-4141-ACB6-9022EE5AC738}.Release|x64.ActiveCfg = Release|Any CPU
		{53AC3486-3362-4141-ACB6-9022EE5AC738}.Release|x64.Build.0 = Release|Any CPU
		{53AC3486-3362-4141-ACB6-9022EE5AC738}.Release|x64.Deploy.0 = Release|Any CPU
		{53AC3486-3362-4141-ACB6-9022EE5AC738}.Release|x86.ActiveCfg = Release|Any CPU
		{53AC3486-3362-4141-ACB6-9022EE5AC738}.Release|x86.Build.0 = Release|Any CPU
		{53AC3486-3362-4141-ACB6-9022EE5AC738}.Release|x86.Deploy.0 = Release|Any CPU
	EndGlobalSection
	GlobalSection(SolutionProperties) = preSolution
		HideSolutionNode = FALSE
	EndGlobalSection
	GlobalSection(ExtensibilityGlobals) = postSolution
		SolutionGuid = {953CE411-94F3-445E-83F4-35DDFF1DCD3B}
	EndGlobalSection
EndGlobal
