
Microsoft Visual Studio Solution File, Format Version 10.00
# Visual Studio 2008
Project("{FAE04EC0-301F-11D3-BF4B-00C04F79EFBC}") = "BallInMazeV2", "BallInMazeV2\BallInMazeV2.csproj", "{F6376588-A1BE-4A4B-AF3E-F2524E76FD45}"
EndProject
Project("{FAE04EC0-301F-11D3-BF4B-00C04F79EFBC}") = "MMA7455", "MMA7455\MMA7455.csproj", "{17B87A37-DE98-47EE-8C3F-27A64C4CE2AB}"
EndProject
Global
	GlobalSection(SolutionConfigurationPlatforms) = preSolution
		Debug|Any CPU = Debug|Any CPU
		Release|Any CPU = Release|Any CPU
	EndGlobalSection
	GlobalSection(ProjectConfigurationPlatforms) = postSolution
		{F6376588-A1BE-4A4B-AF3E-F2524E76FD45}.Debug|Any CPU.ActiveCfg = Debug|Any CPU
		{F6376588-A1BE-4A4B-AF3E-F2524E76FD45}.Debug|Any CPU.Build.0 = Debug|Any CPU
		{F6376588-A1BE-4A4B-AF3E-F2524E76FD45}.Debug|Any CPU.Deploy.0 = Debug|Any CPU
		{F6376588-A1BE-4A4B-AF3E-F2524E76FD45}.Release|Any CPU.ActiveCfg = Release|Any CPU
		{F6376588-A1BE-4A4B-AF3E-F2524E76FD45}.Release|Any CPU.Build.0 = Release|Any CPU
		{F6376588-A1BE-4A4B-AF3E-F2524E76FD45}.Release|Any CPU.Deploy.0 = Release|Any CPU
		{17B87A37-DE98-47EE-8C3F-27A64C4CE2AB}.Debug|Any CPU.ActiveCfg = Debug|Any CPU
		{17B87A37-DE98-47EE-8C3F-27A64C4CE2AB}.Debug|Any CPU.Build.0 = Debug|Any CPU
		{17B87A37-DE98-47EE-8C3F-27A64C4CE2AB}.Release|Any CPU.ActiveCfg = Release|Any CPU
		{17B87A37-DE98-47EE-8C3F-27A64C4CE2AB}.Release|Any CPU.Build.0 = Release|Any CPU
	EndGlobalSection
	GlobalSection(SolutionProperties) = preSolution
		HideSolutionNode = FALSE
	EndGlobalSection
EndGlobal
